<Solution>
  <Project Path="TradingBot.Api/TradingBot.Api.csproj" />
  <Project Path="TradingBot.Backtester/TradingBot.Backtester.csproj" />
  <Project Path="TradingBot.Core/TradingBot.Core.csproj" />
  <Project Path="TradingBot.Dashboard/TradingBot.Dashboard.csproj" />
  <Project Path="TradingBot.Tests/TradingBot.Tests.csproj" />
  <Project Path="TradingBot.Worker/TradingBot.Worker.csproj" />
</Solution>
